
Microsoft Visual Studio Solution File, Format Version 12.00
Project("{FAE04EC0-301F-11D3-BF4B-00C04F79EFBC}") = "MpiApiTests", "MpiApiTests\MpiApiTests.csproj", "{87E5AF64-6C8C-4581-A122-9EFE4029B813}"
EndProject
Global
	GlobalSection(SolutionConfigurationPlatforms) = preSolution
		Debug|Any CPU = Debug|Any CPU
		Release|Any CPU = Release|Any CPU
	EndGlobalSection
	GlobalSection(ProjectConfigurationPlatforms) = postSolution
		{87E5AF64-6C8C-4581-A122-9EFE4029B813}.Debug|Any CPU.ActiveCfg = Debug|Any CPU
		{87E5AF64-6C8C-4581-A122-9EFE4029B813}.Debug|Any CPU.Build.0 = Debug|Any CPU
		{87E5AF64-6C8C-4581-A122-9EFE4029B813}.Release|Any CPU.ActiveCfg = Release|Any CPU
		{87E5AF64-6C8C-4581-A122-9EFE4029B813}.Release|Any CPU.Build.0 = Release|Any CPU
	EndGlobalSection
EndGlobal
